PODS:
  - Alamofire (4.7.2)
  - FLAnimatedImage (1.0.12)
  - Kanna (4.0.0)
  - PINCache (2.3)
  - PINRemoteImage (2.1.4):
    - PINRemoteImage/FLAnimatedImage (= 2.1.4)
  - PINRemoteImage/Core (2.1.4):
    - PINCache (>= 2.1)
  - PINRemoteImage/FLAnimatedImage (2.1.4):
    - FLAnimatedImage (>= 1.0)
    - PINRemoteImage/Core
  - SVProgressHUD (2.2.5)

DEPENDENCIES:
  - Alamofire
  - Kanna (from `https://github.com/tid-kijyun/Kanna.git`, branch `feature/v4.0.0`)
  - PINRemoteImage
  - SVProgressHUD

SPEC REPOS:
  https://github.com/CocoaPods/Specs.git:
    - Alamofire
    - FLAnimatedImage
    - PINCache
    - PINRemoteImage
    - SVProgressHUD

EXTERNAL SOURCES:
  Kanna:
    :branch: feature/v4.0.0
    :git: https://github.com/tid-kijyun/Kanna.git

CHECKOUT OPTIONS:
  Kanna:
    :commit: 81ce91fd485b637517c340c73590a9b59ac9f7d5
    :git: https://github.com/tid-kijyun/Kanna.git

SPEC CHECKSUMS:
  Alamofire: e4fa87002c137ba2d8d634d2c51fabcda0d5c223
  FLAnimatedImage: 4a0b56255d9b05f18b6dd7ee06871be5d3b89e31
  Kanna: d5ae2a26472f7e7a474e7f36a9cd8aa2c8c63ad3
  PINCache: ce36ed282031b92fc7733ffe831f474ff80fddc2
  PINRemoteImage: 4ac4011c5caefd6befd99758e09becede05d3226
  SVProgressHUD: 1428aafac632c1f86f62aa4243ec12008d7a51d6

PODFILE CHECKSUM: e0d1c52e0cbbcaf9db51c8bf2f2a71c5c35b2d4f

COCOAPODS: 1.5.0.beta.1
