// !$*UTF8*$!
{
	archiveVersion = 1;
	classes = {
	};
	objectVersion = 48;
	objects = {

/* Begin PBXBuildFile section */
		3E369CEF1FDBE06000CD94E8 /* Stock.swift in Sources */ = {isa = PBXBuildFile; fileRef = 3E369CEE1FDBE06000CD94E8 /* Stock.swift */; };
		3E369CF11FDC06B200CD94E8 /* UITableView+Stock.swift in Sources */ = {isa = PBXBuildFile; fileRef = 3E369CF01FDC06B200CD94E8 /* UITableView+Stock.swift */; };
		3E4630FE1FE61E4D000AF14D /* StockTableViewCell.swift in Sources */ = {isa = PBXBuildFile; fileRef = 3E4630FC1FE61E4D000AF14D /* StockTableViewCell.swift */; };
		3E4630FF1FE61E4D000AF14D /* StockTableViewCell.xib in Resources */ = {isa = PBXBuildFile; fileRef = 3E4630FD1FE61E4D000AF14D /* StockTableViewCell.xib */; };
		3E4631011FE62290000AF14D /* UIColor + Swift.swift in Sources */ = {isa = PBXBuildFile; fileRef = 3E4631001FE62290000AF14D /* UIColor + Swift.swift */; };
		3E47B46C1FDAD9E9005C44AB /* AppDelegate.swift in Sources */ = {isa = PBXBuildFile; fileRef = 3E47B46B1FDAD9E9005C44AB /* AppDelegate.swift */; };
		3E47B4731FDAD9E9005C44AB /* Assets.xcassets in Resources */ = {isa = PBXBuildFile; fileRef = 3E47B4721FDAD9E9005C44AB /* Assets.xcassets */; };
		3E47B4761FDAD9E9005C44AB /* LaunchScreen.storyboard in Resources */ = {isa = PBXBuildFile; fileRef = 3E47B4741FDAD9E9005C44AB /* LaunchScreen.storyboard */; };
		3E47B47F1FDADBE2005C44AB /* Group.swift in Sources */ = {isa = PBXBuildFile; fileRef = 3E47B47E1FDADBE2005C44AB /* Group.swift */; };
		3E47B4831FDADC4F005C44AB /* GroupsViewController.swift in Sources */ = {isa = PBXBuildFile; fileRef = 3E47B4811FDADC4F005C44AB /* GroupsViewController.swift */; };
		3E47B4841FDADC4F005C44AB /* GroupsViewController.xib in Resources */ = {isa = PBXBuildFile; fileRef = 3E47B4821FDADC4F005C44AB /* GroupsViewController.xib */; };
		3E47B4871FDAE00B005C44AB /* EditGroupViewController.swift in Sources */ = {isa = PBXBuildFile; fileRef = 3E47B4851FDAE00B005C44AB /* EditGroupViewController.swift */; };
		3E47B4881FDAE00B005C44AB /* EditGroupViewController.xib in Resources */ = {isa = PBXBuildFile; fileRef = 3E47B4861FDAE00B005C44AB /* EditGroupViewController.xib */; };
		3E47B48B1FDAE48C005C44AB /* TextFieldTableViewCell.swift in Sources */ = {isa = PBXBuildFile; fileRef = 3E47B4891FDAE48C005C44AB /* TextFieldTableViewCell.swift */; };
		3E47B48C1FDAE48C005C44AB /* TextFieldTableViewCell.xib in Resources */ = {isa = PBXBuildFile; fileRef = 3E47B48A1FDAE48C005C44AB /* TextFieldTableViewCell.xib */; };
		3E47B48F1FDAE5DD005C44AB /* NSObject+Stock.swift in Sources */ = {isa = PBXBuildFile; fileRef = 3E47B48E1FDAE5DD005C44AB /* NSObject+Stock.swift */; };
		3E762CCA1FE4B45200E732D6 /* StocksViewController.swift in Sources */ = {isa = PBXBuildFile; fileRef = 3E762CC81FE4B45200E732D6 /* StocksViewController.swift */; };
		3E762CCB1FE4B45200E732D6 /* StocksViewController.xib in Resources */ = {isa = PBXBuildFile; fileRef = 3E762CC91FE4B45200E732D6 /* StocksViewController.xib */; };
		3ED4A20B20032815006F5B3B /* StockViewController.swift in Sources */ = {isa = PBXBuildFile; fileRef = 3ED4A20920032815006F5B3B /* StockViewController.swift */; };
		3ED4A20C20032815006F5B3B /* StockViewController.xib in Resources */ = {isa = PBXBuildFile; fileRef = 3ED4A20A20032815006F5B3B /* StockViewController.xib */; };
		3ED4A20F200329C7006F5B3B /* StockInfoTableViewCell.swift in Sources */ = {isa = PBXBuildFile; fileRef = 3ED4A20D200329C7006F5B3B /* StockInfoTableViewCell.swift */; };
		3ED4A210200329C7006F5B3B /* StockInfoTableViewCell.xib in Resources */ = {isa = PBXBuildFile; fileRef = 3ED4A20E200329C7006F5B3B /* StockInfoTableViewCell.xib */; };
		3ED4A213200332D7006F5B3B /* StockChartTableViewCell.swift in Sources */ = {isa = PBXBuildFile; fileRef = 3ED4A211200332D7006F5B3B /* StockChartTableViewCell.swift */; };
		3ED4A214200332D7006F5B3B /* StockChartTableViewCell.xib in Resources */ = {isa = PBXBuildFile; fileRef = 3ED4A212200332D7006F5B3B /* StockChartTableViewCell.xib */; };
		3ED4A21C200385F1006F5B3B /* DeleteTableViewCell.swift in Sources */ = {isa = PBXBuildFile; fileRef = 3ED4A21B200385F1006F5B3B /* DeleteTableViewCell.swift */; };
		3ED4A21F20039242006F5B3B /* SelectGroupViewController.swift in Sources */ = {isa = PBXBuildFile; fileRef = 3ED4A21D20039242006F5B3B /* SelectGroupViewController.swift */; };
		3ED4A22020039242006F5B3B /* SelectGroupViewController.xib in Resources */ = {isa = PBXBuildFile; fileRef = 3ED4A21E20039242006F5B3B /* SelectGroupViewController.xib */; };
		B4674EC62BAC38AE84F9FAE5 /* Pods_Stock_Application.framework in Frameworks */ = {isa = PBXBuildFile; fileRef = CE11EE391EA523FBB80E4BD5 /* Pods_Stock_Application.framework */; };
/* End PBXBuildFile section */

/* Begin PBXFileReference section */
		3E369CEE1FDBE06000CD94E8 /* Stock.swift */ = {isa = PBXFileReference; lastKnownFileType = sourcecode.swift; path = Stock.swift; sourceTree = "<group>"; };
		3E369CF01FDC06B200CD94E8 /* UITableView+Stock.swift */ = {isa = PBXFileReference; lastKnownFileType = sourcecode.swift; path = "UITableView+Stock.swift"; sourceTree = "<group>"; };
		3E4630FC1FE61E4D000AF14D /* StockTableViewCell.swift */ = {isa = PBXFileReference; lastKnownFileType = sourcecode.swift; path = StockTableViewCell.swift; sourceTree = "<group>"; };
		3E4630FD1FE61E4D000AF14D /* StockTableViewCell.xib */ = {isa = PBXFileReference; lastKnownFileType = file.xib; path = StockTableViewCell.xib; sourceTree = "<group>"; };
		3E4631001FE62290000AF14D /* UIColor + Swift.swift */ = {isa = PBXFileReference; lastKnownFileType = sourcecode.swift; path = "UIColor + Swift.swift"; sourceTree = "<group>"; };
		3E47B4681FDAD9E9005C44AB /* Stock-Application.app */ = {isa = PBXFileReference; explicitFileType = wrapper.application; includeInIndex = 0; path = "Stock-Application.app"; sourceTree = BUILT_PRODUCTS_DIR; };
		3E47B46B1FDAD9E9005C44AB /* AppDelegate.swift */ = {isa = PBXFileReference; lastKnownFileType = sourcecode.swift; path = AppDelegate.swift; sourceTree = "<group>"; };
		3E47B4721FDAD9E9005C44AB /* Assets.xcassets */ = {isa = PBXFileReference; lastKnownFileType = folder.assetcatalog; path = Assets.xcassets; sourceTree = "<group>"; };
		3E47B4751FDAD9E9005C44AB /* Base */ = {isa = PBXFileReference; lastKnownFileType = file.storyboard; name = Base; path = Base.lproj/LaunchScreen.storyboard; sourceTree = "<group>"; };
		3E47B4771FDAD9E9005C44AB /* Info.plist */ = {isa = PBXFileReference; lastKnownFileType = text.plist.xml; path = Info.plist; sourceTree = "<group>"; };
		3E47B47E1FDADBE2005C44AB /* Group.swift */ = {isa = PBXFileReference; lastKnownFileType = sourcecode.swift; path = Group.swift; sourceTree = "<group>"; };
		3E47B4811FDADC4F005C44AB /* GroupsViewController.swift */ = {isa = PBXFileReference; lastKnownFileType = sourcecode.swift; path = GroupsViewController.swift; sourceTree = "<group>"; };
		3E47B4821FDADC4F005C44AB /* GroupsViewController.xib */ = {isa = PBXFileReference; lastKnownFileType = file.xib; path = GroupsViewController.xib; sourceTree = "<group>"; };
		3E47B4851FDAE00B005C44AB /* EditGroupViewController.swift */ = {isa = PBXFileReference; lastKnownFileType = sourcecode.swift; path = EditGroupViewController.swift; sourceTree = "<group>"; };
		3E47B4861FDAE00B005C44AB /* EditGroupViewController.xib */ = {isa = PBXFileReference; lastKnownFileType = file.xib; path = EditGroupViewController.xib; sourceTree = "<group>"; };
		3E47B4891FDAE48C005C44AB /* TextFieldTableViewCell.swift */ = {isa = PBXFileReference; lastKnownFileType = sourcecode.swift; path = TextFieldTableViewCell.swift; sourceTree = "<group>"; };
		3E47B48A1FDAE48C005C44AB /* TextFieldTableViewCell.xib */ = {isa = PBXFileReference; lastKnownFileType = file.xib; path = TextFieldTableViewCell.xib; sourceTree = "<group>"; };
		3E47B48E1FDAE5DD005C44AB /* NSObject+Stock.swift */ = {isa = PBXFileReference; lastKnownFileType = sourcecode.swift; path = "NSObject+Stock.swift"; sourceTree = "<group>"; };
		3E762CC81FE4B45200E732D6 /* StocksViewController.swift */ = {isa = PBXFileReference; lastKnownFileType = sourcecode.swift; path = StocksViewController.swift; sourceTree = "<group>"; };
		3E762CC91FE4B45200E732D6 /* StocksViewController.xib */ = {isa = PBXFileReference; lastKnownFileType = file.xib; path = StocksViewController.xib; sourceTree = "<group>"; };
		3ED4A20920032815006F5B3B /* StockViewController.swift */ = {isa = PBXFileReference; lastKnownFileType = sourcecode.swift; path = StockViewController.swift; sourceTree = "<group>"; };
		3ED4A20A20032815006F5B3B /* StockViewController.xib */ = {isa = PBXFileReference; lastKnownFileType = file.xib; path = StockViewController.xib; sourceTree = "<group>"; };
		3ED4A20D200329C7006F5B3B /* StockInfoTableViewCell.swift */ = {isa = PBXFileReference; lastKnownFileType = sourcecode.swift; path = StockInfoTableViewCell.swift; sourceTree = "<group>"; };
		3ED4A20E200329C7006F5B3B /* StockInfoTableViewCell.xib */ = {isa = PBXFileReference; lastKnownFileType = file.xib; path = StockInfoTableViewCell.xib; sourceTree = "<group>"; };
		3ED4A211200332D7006F5B3B /* StockChartTableViewCell.swift */ = {isa = PBXFileReference; lastKnownFileType = sourcecode.swift; path = StockChartTableViewCell.swift; sourceTree = "<group>"; };
		3ED4A212200332D7006F5B3B /* StockChartTableViewCell.xib */ = {isa = PBXFileReference; lastKnownFileType = file.xib; path = StockChartTableViewCell.xib; sourceTree = "<group>"; };
		3ED4A21B200385F1006F5B3B /* DeleteTableViewCell.swift */ = {isa = PBXFileReference; lastKnownFileType = sourcecode.swift; path = DeleteTableViewCell.swift; sourceTree = "<group>"; };
		3ED4A21D20039242006F5B3B /* SelectGroupViewController.swift */ = {isa = PBXFileReference; lastKnownFileType = sourcecode.swift; path = SelectGroupViewController.swift; sourceTree = "<group>"; };
		3ED4A21E20039242006F5B3B /* SelectGroupViewController.xib */ = {isa = PBXFileReference; lastKnownFileType = file.xib; path = SelectGroupViewController.xib; sourceTree = "<group>"; };
		B39D469DE348092E0AE2E592 /* Pods-Stock-Application.release.xcconfig */ = {isa = PBXFileReference; includeInIndex = 1; lastKnownFileType = text.xcconfig; name = "Pods-Stock-Application.release.xcconfig"; path = "Pods/Target Support Files/Pods-Stock-Application/Pods-Stock-Application.release.xcconfig"; sourceTree = "<group>"; };
		CE11EE391EA523FBB80E4BD5 /* Pods_Stock_Application.framework */ = {isa = PBXFileReference; explicitFileType = wrapper.framework; includeInIndex = 0; path = Pods_Stock_Application.framework; sourceTree = BUILT_PRODUCTS_DIR; };
		F7373DB61B94A4A390531A59 /* Pods-Stock-Application.debug.xcconfig */ = {isa = PBXFileReference; includeInIndex = 1; lastKnownFileType = text.xcconfig; name = "Pods-Stock-Application.debug.xcconfig"; path = "Pods/Target Support Files/Pods-Stock-Application/Pods-Stock-Application.debug.xcconfig"; sourceTree = "<group>"; };
/* End PBXFileReference section */

/* Begin PBXFrameworksBuildPhase section */
		3E47B4651FDAD9E9005C44AB /* Frameworks */ = {
			isa = PBXFrameworksBuildPhase;
			buildActionMask = 2147483647;
			files = (
				B4674EC62BAC38AE84F9FAE5 /* Pods_Stock_Application.framework in Frameworks */,
			);
			runOnlyForDeploymentPostprocessing = 0;
		};
/* End PBXFrameworksBuildPhase section */

/* Begin PBXGroup section */
		3E4630FA1FE61E21000AF14D /* Cells */ = {
			isa = PBXGroup;
			children = (
				3E47B4891FDAE48C005C44AB /* TextFieldTableViewCell.swift */,
				3E47B48A1FDAE48C005C44AB /* TextFieldTableViewCell.xib */,
				3E4630FC1FE61E4D000AF14D /* StockTableViewCell.swift */,
				3E4630FD1FE61E4D000AF14D /* StockTableViewCell.xib */,
				3ED4A20D200329C7006F5B3B /* StockInfoTableViewCell.swift */,
				3ED4A20E200329C7006F5B3B /* StockInfoTableViewCell.xib */,
				3ED4A211200332D7006F5B3B /* StockChartTableViewCell.swift */,
				3ED4A212200332D7006F5B3B /* StockChartTableViewCell.xib */,
				3ED4A21B200385F1006F5B3B /* DeleteTableViewCell.swift */,
			);
			path = Cells;
			sourceTree = "<group>";
		};
		3E47B45F1FDAD9E9005C44AB = {
			isa = PBXGroup;
			children = (
				3E47B46A1FDAD9E9005C44AB /* Stock-Application */,
				3E47B4691FDAD9E9005C44AB /* Products */,
				8979487BA16B5B45BD25AF21 /* Pods */,
				654D0579D2E7757AF2E4C01F /* Frameworks */,
			);
			sourceTree = "<group>";
		};
		3E47B4691FDAD9E9005C44AB /* Products */ = {
			isa = PBXGroup;
			children = (
				3E47B4681FDAD9E9005C44AB /* Stock-Application.app */,
			);
			name = Products;
			sourceTree = "<group>";
		};
		3E47B46A1FDAD9E9005C44AB /* Stock-Application */ = {
			isa = PBXGroup;
			children = (
				3E4630FA1FE61E21000AF14D /* Cells */,
				3E47B48D1FDAE5B1005C44AB /* Extension */,
				3E47B4801FDADC35005C44AB /* ViewControllers */,
				3E47B47D1FDADBCC005C44AB /* Models */,
				3E47B46B1FDAD9E9005C44AB /* AppDelegate.swift */,
				3E47B4721FDAD9E9005C44AB /* Assets.xcassets */,
				3E47B4741FDAD9E9005C44AB /* LaunchScreen.storyboard */,
				3E47B4771FDAD9E9005C44AB /* Info.plist */,
			);
			path = "Stock-Application";
			sourceTree = "<group>";
		};
		3E47B47D1FDADBCC005C44AB /* Models */ = {
			isa = PBXGroup;
			children = (
				3E47B47E1FDADBE2005C44AB /* Group.swift */,
				3E369CEE1FDBE06000CD94E8 /* Stock.swift */,
			);
			path = Models;
			sourceTree = "<group>";
		};
		3E47B4801FDADC35005C44AB /* ViewControllers */ = {
			isa = PBXGroup;
			children = (
				3E47B4811FDADC4F005C44AB /* GroupsViewController.swift */,
				3E47B4821FDADC4F005C44AB /* GroupsViewController.xib */,
				3E47B4851FDAE00B005C44AB /* EditGroupViewController.swift */,
				3E47B4861FDAE00B005C44AB /* EditGroupViewController.xib */,
				3E762CC81FE4B45200E732D6 /* StocksViewController.swift */,
				3E762CC91FE4B45200E732D6 /* StocksViewController.xib */,
				3ED4A20920032815006F5B3B /* StockViewController.swift */,
				3ED4A20A20032815006F5B3B /* StockViewController.xib */,
				3ED4A21D20039242006F5B3B /* SelectGroupViewController.swift */,
				3ED4A21E20039242006F5B3B /* SelectGroupViewController.xib */,
			);
			path = ViewControllers;
			sourceTree = "<group>";
		};
		3E47B48D1FDAE5B1005C44AB /* Extension */ = {
			isa = PBXGroup;
			children = (
				3E47B48E1FDAE5DD005C44AB /* NSObject+Stock.swift */,
				3E369CF01FDC06B200CD94E8 /* UITableView+Stock.swift */,
				3E4631001FE62290000AF14D /* UIColor + Swift.swift */,
			);
			path = Extension;
			sourceTree = "<group>";
		};
		654D0579D2E7757AF2E4C01F /* Frameworks */ = {
			isa = PBXGroup;
			children = (
				CE11EE391EA523FBB80E4BD5 /* Pods_Stock_Application.framework */,
			);
			name = Frameworks;
			sourceTree = "<group>";
		};
		8979487BA16B5B45BD25AF21 /* Pods */ = {
			isa = PBXGroup;
			children = (
				F7373DB61B94A4A390531A59 /* Pods-Stock-Application.debug.xcconfig */,
				B39D469DE348092E0AE2E592 /* Pods-Stock-Application.release.xcconfig */,
			);
			name = Pods;
			sourceTree = "<group>";
		};
/* End PBXGroup section */

/* Begin PBXNativeTarget section */
		3E47B4671FDAD9E9005C44AB /* Stock-Application */ = {
			isa = PBXNativeTarget;
			buildConfigurationList = 3E47B47A1FDAD9E9005C44AB /* Build configuration list for PBXNativeTarget "Stock-Application" */;
			buildPhases = (
				4AEA95551D18BADF76B8A9BC /* [CP] Check Pods Manifest.lock */,
				3E47B4641FDAD9E9005C44AB /* Sources */,
				3E47B4651FDAD9E9005C44AB /* Frameworks */,
				3E47B4661FDAD9E9005C44AB /* Resources */,
				550D3979A6C8BA66BBFFAED0 /* [CP] Embed Pods Frameworks */,
				84E0DB5FC053B37C0BD5940F /* [CP] Copy Pods Resources */,
			);
			buildRules = (
			);
			dependencies = (
			);
			name = "Stock-Application";
			productName = "Stock-Application";
			productReference = 3E47B4681FDAD9E9005C44AB /* Stock-Application.app */;
			productType = "com.apple.product-type.application";
		};
/* End PBXNativeTarget section */

/* Begin PBXProject section */
		3E47B4601FDAD9E9005C44AB /* Project object */ = {
			isa = PBXProject;
			attributes = {
				LastSwiftUpdateCheck = 0920;
				LastUpgradeCheck = 0920;
				ORGANIZATIONNAME = "이동건";
				TargetAttributes = {
					3E47B4671FDAD9E9005C44AB = {
						CreatedOnToolsVersion = 9.2;
						ProvisioningStyle = Automatic;
					};
				};
			};
			buildConfigurationList = 3E47B4631FDAD9E9005C44AB /* Build configuration list for PBXProject "Stock-Application" */;
			compatibilityVersion = "Xcode 8.0";
			developmentRegion = en;
			hasScannedForEncodings = 0;
			knownRegions = (
				en,
				Base,
			);
			mainGroup = 3E47B45F1FDAD9E9005C44AB;
			productRefGroup = 3E47B4691FDAD9E9005C44AB /* Products */;
			projectDirPath = "";
			projectRoot = "";
			targets = (
				3E47B4671FDAD9E9005C44AB /* Stock-Application */,
			);
		};
/* End PBXProject section */

/* Begin PBXResourcesBuildPhase section */
		3E47B4661FDAD9E9005C44AB /* Resources */ = {
			isa = PBXResourcesBuildPhase;
			buildActionMask = 2147483647;
			files = (
				3E4630FF1FE61E4D000AF14D /* StockTableViewCell.xib in Resources */,
				3E47B4761FDAD9E9005C44AB /* LaunchScreen.storyboard in Resources */,
				3E47B4841FDADC4F005C44AB /* GroupsViewController.xib in Resources */,
				3ED4A20C20032815006F5B3B /* StockViewController.xib in Resources */,
				3ED4A210200329C7006F5B3B /* StockInfoTableViewCell.xib in Resources */,
				3ED4A22020039242006F5B3B /* SelectGroupViewController.xib in Resources */,
				3ED4A214200332D7006F5B3B /* StockChartTableViewCell.xib in Resources */,
				3E47B48C1FDAE48C005C44AB /* TextFieldTableViewCell.xib in Resources */,
				3E47B4881FDAE00B005C44AB /* EditGroupViewController.xib in Resources */,
				3E47B4731FDAD9E9005C44AB /* Assets.xcassets in Resources */,
				3E762CCB1FE4B45200E732D6 /* StocksViewController.xib in Resources */,
			);
			runOnlyForDeploymentPostprocessing = 0;
		};
/* End PBXResourcesBuildPhase section */

/* Begin PBXShellScriptBuildPhase section */
		4AEA95551D18BADF76B8A9BC /* [CP] Check Pods Manifest.lock */ = {
			isa = PBXShellScriptBuildPhase;
			buildActionMask = 2147483647;
			files = (
			);
			inputPaths = (
				"${PODS_PODFILE_DIR_PATH}/Podfile.lock",
				"${PODS_ROOT}/Manifest.lock",
			);
			name = "[CP] Check Pods Manifest.lock";
			outputPaths = (
				"$(DERIVED_FILE_DIR)/Pods-Stock-Application-checkManifestLockResult.txt",
			);
			runOnlyForDeploymentPostprocessing = 0;
			shellPath = /bin/sh;
			shellScript = "diff \"${PODS_PODFILE_DIR_PATH}/Podfile.lock\" \"${PODS_ROOT}/Manifest.lock\" > /dev/null\nif [ $? != 0 ] ; then\n    # print error to STDERR\n    echo \"error: The sandbox is not in sync with the Podfile.lock. Run 'pod install' or update your CocoaPods installation.\" >&2\n    exit 1\nfi\n# This output is used by Xcode 'outputs' to avoid re-running this script phase.\necho \"SUCCESS\" > \"${SCRIPT_OUTPUT_FILE_0}\"\n";
			showEnvVarsInLog = 0;
		};
		550D3979A6C8BA66BBFFAED0 /* [CP] Embed Pods Frameworks */ = {
			isa = PBXShellScriptBuildPhase;
			buildActionMask = 2147483647;
			files = (
			);
			inputPaths = (
				"${SRCROOT}/Pods/Target Support Files/Pods-Stock-Application/Pods-Stock-Application-frameworks.sh",
				"${BUILT_PRODUCTS_DIR}/Alamofire/Alamofire.framework",
				"${BUILT_PRODUCTS_DIR}/FLAnimatedImage/FLAnimatedImage.framework",
				"${BUILT_PRODUCTS_DIR}/Kanna/Kanna.framework",
				"${BUILT_PRODUCTS_DIR}/PINCache/PINCache.framework",
				"${BUILT_PRODUCTS_DIR}/PINRemoteImage/PINRemoteImage.framework",
				"${BUILT_PRODUCTS_DIR}/SVProgressHUD/SVProgressHUD.framework",
			);
			name = "[CP] Embed Pods Frameworks";
			outputPaths = (
				"${TARGET_BUILD_DIR}/${FRAMEWORKS_FOLDER_PATH}/Alamofire.framework",
				"${TARGET_BUILD_DIR}/${FRAMEWORKS_FOLDER_PATH}/FLAnimatedImage.framework",
				"${TARGET_BUILD_DIR}/${FRAMEWORKS_FOLDER_PATH}/Kanna.framework",
				"${TARGET_BUILD_DIR}/${FRAMEWORKS_FOLDER_PATH}/PINCache.framework",
				"${TARGET_BUILD_DIR}/${FRAMEWORKS_FOLDER_PATH}/PINRemoteImage.framework",
				"${TARGET_BUILD_DIR}/${FRAMEWORKS_FOLDER_PATH}/SVProgressHUD.framework",
			);
			runOnlyForDeploymentPostprocessing = 0;
			shellPath = /bin/sh;
			shellScript = "\"${SRCROOT}/Pods/Target Support Files/Pods-Stock-Application/Pods-Stock-Application-frameworks.sh\"\n";
			showEnvVarsInLog = 0;
		};
		84E0DB5FC053B37C0BD5940F /* [CP] Copy Pods Resources */ = {
			isa = PBXShellScriptBuildPhase;
			buildActionMask = 2147483647;
			files = (
			);
			inputPaths = (
			);
			name = "[CP] Copy Pods Resources";
			outputPaths = (
			);
			runOnlyForDeploymentPostprocessing = 0;
			shellPath = /bin/sh;
			shellScript = "\"${SRCROOT}/Pods/Target Support Files/Pods-Stock-Application/Pods-Stock-Application-resources.sh\"\n";
			showEnvVarsInLog = 0;
		};
/* End PBXShellScriptBuildPhase section */

/* Begin PBXSourcesBuildPhase section */
		3E47B4641FDAD9E9005C44AB /* Sources */ = {
			isa = PBXSourcesBuildPhase;
			buildActionMask = 2147483647;
			files = (
				3E4630FE1FE61E4D000AF14D /* StockTableViewCell.swift in Sources */,
				3ED4A213200332D7006F5B3B /* StockChartTableViewCell.swift in Sources */,
				3E47B48F1FDAE5DD005C44AB /* NSObject+Stock.swift in Sources */,
				3E47B47F1FDADBE2005C44AB /* Group.swift in Sources */,
				3E369CF11FDC06B200CD94E8 /* UITableView+Stock.swift in Sources */,
				3E762CCA1FE4B45200E732D6 /* StocksViewController.swift in Sources */,
				3ED4A21F20039242006F5B3B /* SelectGroupViewController.swift in Sources */,
				3ED4A20F200329C7006F5B3B /* StockInfoTableViewCell.swift in Sources */,
				3ED4A21C200385F1006F5B3B /* DeleteTableViewCell.swift in Sources */,
				3E47B46C1FDAD9E9005C44AB /* AppDelegate.swift in Sources */,
				3E369CEF1FDBE06000CD94E8 /* Stock.swift in Sources */,
				3ED4A20B20032815006F5B3B /* StockViewController.swift in Sources */,
				3E4631011FE62290000AF14D /* UIColor + Swift.swift in Sources */,
				3E47B4871FDAE00B005C44AB /* EditGroupViewController.swift in Sources */,
				3E47B4831FDADC4F005C44AB /* GroupsViewController.swift in Sources */,
				3E47B48B1FDAE48C005C44AB /* TextFieldTableViewCell.swift in Sources */,
			);
			runOnlyForDeploymentPostprocessing = 0;
		};
/* End PBXSourcesBuildPhase section */

/* Begin PBXVariantGroup section */
		3E47B4741FDAD9E9005C44AB /* LaunchScreen.storyboard */ = {
			isa = PBXVariantGroup;
			children = (
				3E47B4751FDAD9E9005C44AB /* Base */,
			);
			name = LaunchScreen.storyboard;
			sourceTree = "<group>";
		};
/* End PBXVariantGroup section */

/* Begin XCBuildConfiguration section */
		3E47B4781FDAD9E9005C44AB /* Debug */ = {
			isa = XCBuildConfiguration;
			buildSettings = {
				ALWAYS_SEARCH_USER_PATHS = NO;
				CLANG_ANALYZER_NONNULL = YES;
				CLANG_ANALYZER_NUMBER_OBJECT_CONVERSION = YES_AGGRESSIVE;
				CLANG_CXX_LANGUAGE_STANDARD = "gnu++14";
				CLANG_CXX_LIBRARY = "libc++";
				CLANG_ENABLE_MODULES = YES;
				CLANG_ENABLE_OBJC_ARC = YES;
				CLANG_WARN_BLOCK_CAPTURE_AUTORELEASING = YES;
				CLANG_WARN_BOOL_CONVERSION = YES;
				CLANG_WARN_COMMA = YES;
				CLANG_WARN_CONSTANT_CONVERSION = YES;
				CLANG_WARN_DIRECT_OBJC_ISA_USAGE = YES_ERROR;
				CLANG_WARN_DOCUMENTATION_COMMENTS = YES;
				CLANG_WARN_EMPTY_BODY = YES;
				CLANG_WARN_ENUM_CONVERSION = YES;
				CLANG_WARN_INFINITE_RECURSION = YES;
				CLANG_WARN_INT_CONVERSION = YES;
				CLANG_WARN_NON_LITERAL_NULL_CONVERSION = YES;
				CLANG_WARN_OBJC_LITERAL_CONVERSION = YES;
				CLANG_WARN_OBJC_ROOT_CLASS = YES_ERROR;
				CLANG_WARN_RANGE_LOOP_ANALYSIS = YES;
				CLANG_WARN_STRICT_PROTOTYPES = YES;
				CLANG_WARN_SUSPICIOUS_MOVE = YES;
				CLANG_WARN_UNGUARDED_AVAILABILITY = YES_AGGRESSIVE;
				CLANG_WARN_UNREACHABLE_CODE = YES;
				CLANG_WARN__DUPLICATE_METHOD_MATCH = YES;
				CODE_SIGN_IDENTITY = "iPhone Developer";
				COPY_PHASE_STRIP = NO;
				DEBUG_INFORMATION_FORMAT = dwarf;
				ENABLE_STRICT_OBJC_MSGSEND = YES;
				ENABLE_TESTABILITY = YES;
				GCC_C_LANGUAGE_STANDARD = gnu11;
				GCC_DYNAMIC_NO_PIC = NO;
				GCC_NO_COMMON_BLOCKS = YES;
				GCC_OPTIMIZATION_LEVEL = 0;
				GCC_PREPROCESSOR_DEFINITIONS = (
					"DEBUG=1",
					"$(inherited)",
				);
				GCC_WARN_64_TO_32_BIT_CONVERSION = YES;
				GCC_WARN_ABOUT_RETURN_TYPE = YES_ERROR;
				GCC_WARN_UNDECLARED_SELECTOR = YES;
				GCC_WARN_UNINITIALIZED_AUTOS = YES_AGGRESSIVE;
				GCC_WARN_UNUSED_FUNCTION = YES;
				GCC_WARN_UNUSED_VARIABLE = YES;
				IPHONEOS_DEPLOYMENT_TARGET = 11.2;
				MTL_ENABLE_DEBUG_INFO = YES;
				ONLY_ACTIVE_ARCH = YES;
				SDKROOT = iphoneos;
				SWIFT_ACTIVE_COMPILATION_CONDITIONS = DEBUG;
				SWIFT_OPTIMIZATION_LEVEL = "-Onone";
			};
			name = Debug;
		};
		3E47B4791FDAD9E9005C44AB /* Release */ = {
			isa = XCBuildConfiguration;
			buildSettings = {
				ALWAYS_SEARCH_USER_PATHS = NO;
				CLANG_ANALYZER_NONNULL = YES;
				CLANG_ANALYZER_NUMBER_OBJECT_CONVERSION = YES_AGGRESSIVE;
				CLANG_CXX_LANGUAGE_STANDARD = "gnu++14";
				CLANG_CXX_LIBRARY = "libc++";
				CLANG_ENABLE_MODULES = YES;
				CLANG_ENABLE_OBJC_ARC = YES;
				CLANG_WARN_BLOCK_CAPTURE_AUTORELEASING = YES;
				CLANG_WARN_BOOL_CONVERSION = YES;
				CLANG_WARN_COMMA = YES;
				CLANG_WARN_CONSTANT_CONVERSION = YES;
				CLANG_WARN_DIRECT_OBJC_ISA_USAGE = YES_ERROR;
				CLANG_WARN_DOCUMENTATION_COMMENTS = YES;
				CLANG_WARN_EMPTY_BODY = YES;
				CLANG_WARN_ENUM_CONVERSION = YES;
				CLANG_WARN_INFINITE_RECURSION = YES;
				CLANG_WARN_INT_CONVERSION = YES;
				CLANG_WARN_NON_LITERAL_NULL_CONVERSION = YES;
				CLANG_WARN_OBJC_LITERAL_CONVERSION = YES;
				CLANG_WARN_OBJC_ROOT_CLASS = YES_ERROR;
				CLANG_WARN_RANGE_LOOP_ANALYSIS = YES;
				CLANG_WARN_STRICT_PROTOTYPES = YES;
				CLANG_WARN_SUSPICIOUS_MOVE = YES;
				CLANG_WARN_UNGUARDED_AVAILABILITY = YES_AGGRESSIVE;
				CLANG_WARN_UNREACHABLE_CODE = YES;
				CLANG_WARN__DUPLICATE_METHOD_MATCH = YES;
				CODE_SIGN_IDENTITY = "iPhone Developer";
				COPY_PHASE_STRIP = NO;
				DEBUG_INFORMATION_FORMAT = "dwarf-with-dsym";
				ENABLE_NS_ASSERTIONS = NO;
				ENABLE_STRICT_OBJC_MSGSEND = YES;
				GCC_C_LANGUAGE_STANDARD = gnu11;
				GCC_NO_COMMON_BLOCKS = YES;
				GCC_WARN_64_TO_32_BIT_CONVERSION = YES;
				GCC_WARN_ABOUT_RETURN_TYPE = YES_ERROR;
				GCC_WARN_UNDECLARED_SELECTOR = YES;
				GCC_WARN_UNINITIALIZED_AUTOS = YES_AGGRESSIVE;
				GCC_WARN_UNUSED_FUNCTION = YES;
				GCC_WARN_UNUSED_VARIABLE = YES;
				IPHONEOS_DEPLOYMENT_TARGET = 11.2;
				MTL_ENABLE_DEBUG_INFO = NO;
				SDKROOT = iphoneos;
				SWIFT_OPTIMIZATION_LEVEL = "-Owholemodule";
				VALIDATE_PRODUCT = YES;
			};
			name = Release;
		};
		3E47B47B1FDAD9E9005C44AB /* Debug */ = {
			isa = XCBuildConfiguration;
			baseConfigurationReference = F7373DB61B94A4A390531A59 /* Pods-Stock-Application.debug.xcconfig */;
			buildSettings = {
				ASSETCATALOG_COMPILER_APPICON_NAME = AppIcon;
				CODE_SIGN_STYLE = Automatic;
				DEVELOPMENT_TEAM = 452DHHAC9T;
				INFOPLIST_FILE = "Stock-Application/Info.plist";
				IPHONEOS_DEPLOYMENT_TARGET = 10.0;
				LD_RUNPATH_SEARCH_PATHS = "$(inherited) @executable_path/Frameworks";
				PRODUCT_BUNDLE_IDENTIFIER = "com.tutorial.Stock-Application";
				PRODUCT_NAME = "$(TARGET_NAME)";
				SWIFT_VERSION = 4.0;
				TARGETED_DEVICE_FAMILY = 1;
			};
			name = Debug;
		};
		3E47B47C1FDAD9E9005C44AB /* Release */ = {
			isa = XCBuildConfiguration;
			baseConfigurationReference = B39D469DE348092E0AE2E592 /* Pods-Stock-Application.release.xcconfig */;
			buildSettings = {
				ASSETCATALOG_COMPILER_APPICON_NAME = AppIcon;
				CODE_SIGN_STYLE = Automatic;
				DEVELOPMENT_TEAM = 452DHHAC9T;
				INFOPLIST_FILE = "Stock-Application/Info.plist";
				IPHONEOS_DEPLOYMENT_TARGET = 10.0;
				LD_RUNPATH_SEARCH_PATHS = "$(inherited) @executable_path/Frameworks";
				PRODUCT_BUNDLE_IDENTIFIER = "com.tutorial.Stock-Application";
				PRODUCT_NAME = "$(TARGET_NAME)";
				SWIFT_VERSION = 4.0;
				TARGETED_DEVICE_FAMILY = 1;
			};
			name = Release;
		};
/* End XCBuildConfiguration section */

/* Begin XCConfigurationList section */
		3E47B4631FDAD9E9005C44AB /* Build configuration list for PBXProject "Stock-Application" */ = {
			isa = XCConfigurationList;
			buildConfigurations = (
				3E47B4781FDAD9E9005C44AB /* Debug */,
				3E47B4791FDAD9E9005C44AB /* Release */,
			);
			defaultConfigurationIsVisible = 0;
			defaultConfigurationName = Release;
		};
		3E47B47A1FDAD9E9005C44AB /* Build configuration list for PBXNativeTarget "Stock-Application" */ = {
			isa = XCConfigurationList;
			buildConfigurations = (
				3E47B47B1FDAD9E9005C44AB /* Debug */,
				3E47B47C1FDAD9E9005C44AB /* Release */,
			);
			defaultConfigurationIsVisible = 0;
			defaultConfigurationName = Release;
		};
/* End XCConfigurationList section */
	};
	rootObject = 3E47B4601FDAD9E9005C44AB /* Project object */;
}
